Microsoft Visual Studio Solution File, Format Version 12.00
# Visual Studio Version 17
VisualStudioVersion = 17.5.2.0
MinimumVisualStudioVersion = 10.0.40219.1
Project("{FAE04EC0-301F-11D3-BF4B-00C04F79EFBC}") = "AlgorithmsWithCSharp", "AlgorithmsWithCSharp.csproj", "{32958912-5E47-CFEB-7863-DB6EC9CDA87F}"
EndProject
Global
	GlobalSection(SolutionConfigurationPlatforms) = preSolution
		Debug|Any CPU = Debug|Any CPU
		Release|Any CPU = Release|Any CPU
	EndGlobalSection
	GlobalSection(ProjectConfigurationPlatforms) = postSolution
		{32958912-5E47-CFEB-7863-DB6EC9CDA87F}.Debug|Any CPU.ActiveCfg = Debug|Any CPU
		{32958912-5E47-CFEB-7863-DB6EC9CDA87F}.Debug|Any CPU.Build.0 = Debug|Any CPU
		{32958912-5E47-CFEB-7863-DB6EC9CDA87F}.Release|Any CPU.ActiveCfg = Release|Any CPU
		{32958912-5E47-CFEB-7863-DB6EC9CDA87F}.Release|Any CPU.Build.0 = Release|Any CPU
	EndGlobalSection
	GlobalSection(SolutionProperties) = preSolution
		HideSolutionNode = FALSE
	EndGlobalSection
	GlobalSection(ExtensibilityGlobals) = postSolution
		SolutionGuid = {D9B5DA86-D7D5-4B2E-A5DA-9242C05B2F61}
	EndGlobalSection
EndGlobal
